// !$*UTF8*$!
{
	archiveVersion = 1;
	classes = {
	};
	objectVersion = 60;
	objects = {

/* Begin PBXBuildFile section */
		25DB63722C17B9BD0006EEAA /* Graphs in Frameworks */ = {isa = PBXBuildFile; productRef = 25DB63712C17B9BD0006EEAA /* Graphs */; };
		25DB63742C17F08F0006EEAA /* FlightsView.swift in Sources */ = {isa = PBXBuildFile; fileRef = 25DB63732C17F08F0006EEAA /* FlightsView.swift */; };
		25DB63772C17F0B80006EEAA /* Flight.swift in Sources */ = {isa = PBXBuildFile; fileRef = 25DB63762C17F0B80006EEAA /* Flight.swift */; };
		25EA5EC32C17AA5900D3649B /* WWD24App.swift in Sources */ = {isa = PBXBuildFile; fileRef = 25EA5EC22C17AA5900D3649B /* WWD24App.swift */; };
		25EA5EC52C17AA5900D3649B /* AirportList.swift in Sources */ = {isa = PBXBuildFile; fileRef = 25EA5EC42C17AA5900D3649B /* AirportList.swift */; };
		25EA5EC72C17AA5900D3649B /* Airport.swift in Sources */ = {isa = PBXBuildFile; fileRef = 25EA5EC62C17AA5900D3649B /* Airport.swift */; };
		25EA5EC92C17AA5A00D3649B /* Assets.xcassets in Resources */ = {isa = PBXBuildFile; fileRef = 25EA5EC82C17AA5A00D3649B /* Assets.xcassets */; };
		25EA5ECD2C17AA5A00D3649B /* Preview Assets.xcassets in Resources */ = {isa = PBXBuildFile; fileRef = 25EA5ECC2C17AA5A00D3649B /* Preview Assets.xcassets */; };
		25EA5ED72C17AA5A00D3649B /* WWD24Tests.swift in Sources */ = {isa = PBXBuildFile; fileRef = 25EA5ED62C17AA5A00D3649B /* WWD24Tests.swift */; };
		25EA5EE12C17AA5A00D3649B /* WWD24UITests.swift in Sources */ = {isa = PBXBuildFile; fileRef = 25EA5EE02C17AA5A00D3649B /* WWD24UITests.swift */; };
		25EA5EE32C17AA5A00D3649B /* WWD24UITestsLaunchTests.swift in Sources */ = {isa = PBXBuildFile; fileRef = 25EA5EE22C17AA5A00D3649B /* WWD24UITestsLaunchTests.swift */; };
/* End PBXBuildFile section */

/* Begin PBXContainerItemProxy section */
		25EA5ED32C17AA5A00D3649B /* PBXContainerItemProxy */ = {
			isa = PBXContainerItemProxy;
			containerPortal = 25EA5EB72C17AA5900D3649B /* Project object */;
			proxyType = 1;
			remoteGlobalIDString = 25EA5EBE2C17AA5900D3649B;
			remoteInfo = WWD24;
		};
		25EA5EDD2C17AA5A00D3649B /* PBXContainerItemProxy */ = {
			isa = PBXContainerItemProxy;
			containerPortal = 25EA5EB72C17AA5900D3649B /* Project object */;
			proxyType = 1;
			remoteGlobalIDString = 25EA5EBE2C17AA5900D3649B;
			remoteInfo = WWD24;
		};
/* End PBXContainerItemProxy section */

/* Begin PBXFileReference section */
		25DB63732C17F08F0006EEAA /* FlightsView.swift */ = {isa = PBXFileReference; lastKnownFileType = sourcecode.swift; path = FlightsView.swift; sourceTree = "<group>"; };
		25DB63762C17F0B80006EEAA /* Flight.swift */ = {isa = PBXFileReference; lastKnownFileType = sourcecode.swift; path = Flight.swift; sourceTree = "<group>"; };
		25EA5EBF2C17AA5900D3649B /* WWD24.app */ = {isa = PBXFileReference; explicitFileType = wrapper.application; includeInIndex = 0; path = WWD24.app; sourceTree = BUILT_PRODUCTS_DIR; };
		25EA5EC22C17AA5900D3649B /* WWD24App.swift */ = {isa = PBXFileReference; lastKnownFileType = sourcecode.swift; path = WWD24App.swift; sourceTree = "<group>"; };
		25EA5EC42C17AA5900D3649B /* AirportList.swift */ = {isa = PBXFileReference; lastKnownFileType = sourcecode.swift; path = AirportList.swift; sourceTree = "<group>"; };
		25EA5EC62C17AA5900D3649B /* Airport.swift */ = {isa = PBXFileReference; lastKnownFileType = sourcecode.swift; path = Airport.swift; sourceTree = "<group>"; };
		25EA5EC82C17AA5A00D3649B /* Assets.xcassets */ = {isa = PBXFileReference; lastKnownFileType = folder.assetcatalog; path = Assets.xcassets; sourceTree = "<group>"; };
		25EA5ECA2C17AA5A00D3649B /* WWD24.entitlements */ = {isa = PBXFileReference; lastKnownFileType = text.plist.entitlements; path = WWD24.entitlements; sourceTree = "<group>"; };
		25EA5ECC2C17AA5A00D3649B /* Preview Assets.xcassets */ = {isa = PBXFileReference; lastKnownFileType = folder.assetcatalog; path = "Preview Assets.xcassets"; sourceTree = "<group>"; };
		25EA5ED22C17AA5A00D3649B /* WWD24Tests.xctest */ = {isa = PBXFileReference; explicitFileType = wrapper.cfbundle; includeInIndex = 0; path = WWD24Tests.xctest; sourceTree = BUILT_PRODUCTS_DIR; };
		25EA5ED62C17AA5A00D3649B /* WWD24Tests.swift */ = {isa = PBXFileReference; lastKnownFileType = sourcecode.swift; path = WWD24Tests.swift; sourceTree = "<group>"; };
		25EA5EDC2C17AA5A00D3649B /* WWD24UITests.xctest */ = {isa = PBXFileReference; explicitFileType = wrapper.cfbundle; includeInIndex = 0; path = WWD24UITests.xctest; sourceTree = BUILT_PRODUCTS_DIR; };
		25EA5EE02C17AA5A00D3649B /* WWD24UITests.swift */ = {isa = PBXFileReference; lastKnownFileType = sourcecode.swift; path = WWD24UITests.swift; sourceTree = "<group>"; };
		25EA5EE22C17AA5A00D3649B /* WWD24UITestsLaunchTests.swift */ = {isa = PBXFileReference; lastKnownFileType = sourcecode.swift; path = WWD24UITestsLaunchTests.swift; sourceTree = "<group>"; };
		25EA5EEF2C17ABBE00D3649B /* WWDC24Library */ = {isa = PBXFileReference; lastKnownFileType = wrapper; path = WWDC24Library; sourceTree = "<group>"; };
/* End PBXFileReference section */

/* Begin PBXFrameworksBuildPhase section */
		25EA5EBC2C17AA5900D3649B /* Frameworks */ = {
			isa = PBXFrameworksBuildPhase;
			buildActionMask = 2147483647;
			files = (
				25DB63722C17B9BD0006EEAA /* Graphs in Frameworks */,
			);
			runOnlyForDeploymentPostprocessing = 0;
		};
		25EA5ECF2C17AA5A00D3649B /* Frameworks */ = {
			isa = PBXFrameworksBuildPhase;
			buildActionMask = 2147483647;
			files = (
			);
			runOnlyForDeploymentPostprocessing = 0;
		};
		25EA5ED92C17AA5A00D3649B /* Frameworks */ = {
			isa = PBXFrameworksBuildPhase;
			buildActionMask = 2147483647;
			files = (
			);
			runOnlyForDeploymentPostprocessing = 0;
		};
/* End PBXFrameworksBuildPhase section */

/* Begin PBXGroup section */
		25DB63702C17B9BD0006EEAA /* Frameworks */ = {
			isa = PBXGroup;
			children = (
			);
			name = Frameworks;
			sourceTree = "<group>";
		};
		25DB63752C17F0AC0006EEAA /* Model */ = {
			isa = PBXGroup;
			children = (
				25EA5EC62C17AA5900D3649B /* Airport.swift */,
				25DB63762C17F0B80006EEAA /* Flight.swift */,
			);
			path = Model;
			sourceTree = "<group>";
		};
		25EA5EB62C17AA5900D3649B = {
			isa = PBXGroup;
			children = (
				25EA5EEF2C17ABBE00D3649B /* WWDC24Library */,
				25EA5EC12C17AA5900D3649B /* WWD24 */,
				25EA5ED52C17AA5A00D3649B /* WWD24Tests */,
				25EA5EDF2C17AA5A00D3649B /* WWD24UITests */,
				25EA5EC02C17AA5900D3649B /* Products */,
				25DB63702C17B9BD0006EEAA /* Frameworks */,
			);
			sourceTree = "<group>";
		};
		25EA5EC02C17AA5900D3649B /* Products */ = {
			isa = PBXGroup;
			children = (
				25EA5EBF2C17AA5900D3649B /* WWD24.app */,
				25EA5ED22C17AA5A00D3649B /* WWD24Tests.xctest */,
				25EA5EDC2C17AA5A00D3649B /* WWD24UITests.xctest */,
			);
			name = Products;
			sourceTree = "<group>";
		};
		25EA5EC12C17AA5900D3649B /* WWD24 */ = {
			isa = PBXGroup;
			children = (
				25EA5EC22C17AA5900D3649B /* WWD24App.swift */,
				25EA5EC42C17AA5900D3649B /* AirportList.swift */,
				25DB63732C17F08F0006EEAA /* FlightsView.swift */,
				25DB63752C17F0AC0006EEAA /* Model */,
				25EA5EC82C17AA5A00D3649B /* Assets.xcassets */,
				25EA5ECA2C17AA5A00D3649B /* WWD24.entitlements */,
				25EA5ECB2C17AA5A00D3649B /* Preview Content */,
			);
			path = WWD24;
			sourceTree = "<group>";
		};
		25EA5ECB2C17AA5A00D3649B /* Preview Content */ = {
			isa = PBXGroup;
			children = (
				25EA5ECC2C17AA5A00D3649B /* Preview Assets.xcassets */,
			);
			path = "Preview Content";
			sourceTree = "<group>";
		};
		25EA5ED52C17AA5A00D3649B /* WWD24Tests */ = {
			isa = PBXGroup;
			children = (
				25EA5ED62C17AA5A00D3649B /* WWD24Tests.swift */,
			);
			path = WWD24Tests;
			sourceTree = "<group>";
		};
		25EA5EDF2C17AA5A00D3649B /* WWD24UITests */ = {
			isa = PBXGroup;
			children = (
				25EA5EE02C17AA5A00D3649B /* WWD24UITests.swift */,
				25EA5EE22C17AA5A00D3649B /* WWD24UITestsLaunchTests.swift */,
			);
			path = WWD24UITests;
			sourceTree = "<group>";
		};
/* End PBXGroup section */

/* Begin PBXNativeTarget section */
		25EA5EBE2C17AA5900D3649B /* WWD24 */ = {
			isa = PBXNativeTarget;
			buildConfigurationList = 25EA5EE62C17AA5A00D3649B /* Build configuration list for PBXNativeTarget "WWD24" */;
			buildPhases = (
				25EA5EBB2C17AA5900D3649B /* Sources */,
				25EA5EBC2C17AA5900D3649B /* Frameworks */,
				25EA5EBD2C17AA5900D3649B /* Resources */,
			);
			buildRules = (
			);
			dependencies = (
			);
			name = WWD24;
			packageProductDependencies = (
				25DB63712C17B9BD0006EEAA /* Graphs */,
			);
			productName = WWD24;
			productReference = 25EA5EBF2C17AA5900D3649B /* WWD24.app */;
			productType = "com.apple.product-type.application";
		};
		25EA5ED12C17AA5A00D3649B /* WWD24Tests */ = {
			isa = PBXNativeTarget;
			buildConfigurationList = 25EA5EE92C17AA5A00D3649B /* Build configuration list for PBXNativeTarget "WWD24Tests" */;
			buildPhases = (
				25EA5ECE2C17AA5A00D3649B /* Sources */,
				25EA5ECF2C17AA5A00D3649B /* Frameworks */,
				25EA5ED02C17AA5A00D3649B /* Resources */,
			);
			buildRules = (
			);
			dependencies = (
				25EA5ED42C17AA5A00D3649B /* PBXTargetDependency */,
			);
			name = WWD24Tests;
			productName = WWD24Tests;
			productReference = 25EA5ED22C17AA5A00D3649B /* WWD24Tests.xctest */;
			productType = "com.apple.product-type.bundle.unit-test";
		};
		25EA5EDB2C17AA5A00D3649B /* WWD24UITests */ = {
			isa = PBXNativeTarget;
			buildConfigurationList = 25EA5EEC2C17AA5A00D3649B /* Build configuration list for PBXNativeTarget "WWD24UITests" */;
			buildPhases = (
				25EA5ED82C17AA5A00D3649B /* Sources */,
				25EA5ED92C17AA5A00D3649B /* Frameworks */,
				25EA5EDA2C17AA5A00D3649B /* Resources */,
			);
			buildRules = (
			);
			dependencies = (
				25EA5EDE2C17AA5A00D3649B /* PBXTargetDependency */,
			);
			name = WWD24UITests;
			productName = WWD24UITests;
			productReference = 25EA5EDC2C17AA5A00D3649B /* WWD24UITests.xctest */;
			productType = "com.apple.product-type.bundle.ui-testing";
		};
/* End PBXNativeTarget section */

/* Begin PBXProject section */
		25EA5EB72C17AA5900D3649B /* Project object */ = {
			isa = PBXProject;
			attributes = {
				BuildIndependentTargetsInParallel = 1;
				LastSwiftUpdateCheck = 1600;
				LastUpgradeCheck = 1600;
				TargetAttributes = {
					25EA5EBE2C17AA5900D3649B = {
						CreatedOnToolsVersion = 16.0;
					};
					25EA5ED12C17AA5A00D3649B = {
						CreatedOnToolsVersion = 16.0;
						TestTargetID = 25EA5EBE2C17AA5900D3649B;
					};
					25EA5EDB2C17AA5A00D3649B = {
						CreatedOnToolsVersion = 16.0;
						TestTargetID = 25EA5EBE2C17AA5900D3649B;
					};
				};
			};
			buildConfigurationList = 25EA5EBA2C17AA5900D3649B /* Build configuration list for PBXProject "WWD24" */;
			compatibilityVersion = "Xcode 15.0";
			developmentRegion = en;
			hasScannedForEncodings = 0;
			knownRegions = (
				en,
				Base,
			);
			mainGroup = 25EA5EB62C17AA5900D3649B;
			productRefGroup = 25EA5EC02C17AA5900D3649B /* Products */;
			projectDirPath = "";
			projectRoot = "";
			targets = (
				25EA5EBE2C17AA5900D3649B /* WWD24 */,
				25EA5ED12C17AA5A00D3649B /* WWD24Tests */,
				25EA5EDB2C17AA5A00D3649B /* WWD24UITests */,
			);
		};
/* End PBXProject section */

/* Begin PBXResourcesBuildPhase section */
		25EA5EBD2C17AA5900D3649B /* Resources */ = {
			isa = PBXResourcesBuildPhase;
			buildActionMask = 2147483647;
			files = (
				25EA5ECD2C17AA5A00D3649B /* Preview Assets.xcassets in Resources */,
				25EA5EC92C17AA5A00D3649B /* Assets.xcassets in Resources */,
			);
			runOnlyForDeploymentPostprocessing = 0;
		};
		25EA5ED02C17AA5A00D3649B /* Resources */ = {
			isa = PBXResourcesBuildPhase;
			buildActionMask = 2147483647;
			files = (
			);
			runOnlyForDeploymentPostprocessing = 0;
		};
		25EA5EDA2C17AA5A00D3649B /* Resources */ = {
			isa = PBXResourcesBuildPhase;
			buildActionMask = 2147483647;
			files = (
			);
			runOnlyForDeploymentPostprocessing = 0;
		};
/* End PBXResourcesBuildPhase section */

/* Begin PBXSourcesBuildPhase section */
		25EA5EBB2C17AA5900D3649B /* Sources */ = {
			isa = PBXSourcesBuildPhase;
			buildActionMask = 2147483647;
			files = (
				25EA5EC52C17AA5900D3649B /* AirportList.swift in Sources */,
				25DB63742C17F08F0006EEAA /* FlightsView.swift in Sources */,
				25EA5EC72C17AA5900D3649B /* Airport.swift in Sources */,
				25DB63772C17F0B80006EEAA /* Flight.swift in Sources */,
				25EA5EC32C17AA5900D3649B /* WWD24App.swift in Sources */,
			);
			runOnlyForDeploymentPostprocessing = 0;
		};
		25EA5ECE2C17AA5A00D3649B /* Sources */ = {
			isa = PBXSourcesBuildPhase;
			buildActionMask = 2147483647;
			files = (
				25EA5ED72C17AA5A00D3649B /* WWD24Tests.swift in Sources */,
			);
			runOnlyForDeploymentPostprocessing = 0;
		};
		25EA5ED82C17AA5A00D3649B /* Sources */ = {
			isa = PBXSourcesBuildPhase;
			buildActionMask = 2147483647;
			files = (
				25EA5EE12C17AA5A00D3649B /* WWD24UITests.swift in Sources */,
				25EA5EE32C17AA5A00D3649B /* WWD24UITestsLaunchTests.swift in Sources */,
			);
			runOnlyForDeploymentPostprocessing = 0;
		};
/* End PBXSourcesBuildPhase section */

/* Begin PBXTargetDependency section */
		25EA5ED42C17AA5A00D3649B /* PBXTargetDependency */ = {
			isa = PBXTargetDependency;
			target = 25EA5EBE2C17AA5900D3649B /* WWD24 */;
			targetProxy = 25EA5ED32C17AA5A00D3649B /* PBXContainerItemProxy */;
		};
		25EA5EDE2C17AA5A00D3649B /* PBXTargetDependency */ = {
			isa = PBXTargetDependency;
			target = 25EA5EBE2C17AA5900D3649B /* WWD24 */;
			targetProxy = 25EA5EDD2C17AA5A00D3649B /* PBXContainerItemProxy */;
		};
/* End PBXTargetDependency section */

/* Begin XCBuildConfiguration section */
		25EA5EE42C17AA5A00D3649B /* Debug */ = {
			isa = XCBuildConfiguration;
			buildSettings = {
				ALWAYS_SEARCH_USER_PATHS = NO;
				ASSETCATALOG_COMPILER_GENERATE_SWIFT_ASSET_SYMBOL_EXTENSIONS = YES;
				CLANG_ANALYZER_NONNULL = YES;
				CLANG_ANALYZER_NUMBER_OBJECT_CONVERSION = YES_AGGRESSIVE;
				CLANG_CXX_LANGUAGE_STANDARD = "gnu++20";
				CLANG_ENABLE_MODULES = YES;
				CLANG_ENABLE_OBJC_ARC = YES;
				CLANG_ENABLE_OBJC_WEAK = YES;
				CLANG_WARN_BLOCK_CAPTURE_AUTORELEASING = YES;
				CLANG_WARN_BOOL_CONVERSION = YES;
				CLANG_WARN_COMMA = YES;
				CLANG_WARN_CONSTANT_CONVERSION = YES;
				CLANG_WARN_DEPRECATED_OBJC_IMPLEMENTATIONS = YES;
				CLANG_WARN_DIRECT_OBJC_ISA_USAGE = YES_ERROR;
				CLANG_WARN_DOCUMENTATION_COMMENTS = YES;
				CLANG_WARN_EMPTY_BODY = YES;
				CLANG_WARN_ENUM_CONVERSION = YES;
				CLANG_WARN_INFINITE_RECURSION = YES;
				CLANG_WARN_INT_CONVERSION = YES;
				CLANG_WARN_NON_LITERAL_NULL_CONVERSION = YES;
				CLANG_WARN_OBJC_IMPLICIT_RETAIN_SELF = YES;
				CLANG_WARN_OBJC_LITERAL_CONVERSION = YES;
				CLANG_WARN_OBJC_ROOT_CLASS = YES_ERROR;
				CLANG_WARN_QUOTED_INCLUDE_IN_FRAMEWORK_HEADER = YES;
				CLANG_WARN_RANGE_LOOP_ANALYSIS = YES;
				CLANG_WARN_STRICT_PROTOTYPES = YES;
				CLANG_WARN_SUSPICIOUS_MOVE = YES;
				CLANG_WARN_UNGUARDED_AVAILABILITY = YES_AGGRESSIVE;
				CLANG_WARN_UNREACHABLE_CODE = YES;
				CLANG_WARN__DUPLICATE_METHOD_MATCH = YES;
				COPY_PHASE_STRIP = NO;
				DEBUG_INFORMATION_FORMAT = dwarf;
				ENABLE_STRICT_OBJC_MSGSEND = YES;
				ENABLE_TESTABILITY = YES;
				ENABLE_USER_SCRIPT_SANDBOXING = YES;
				GCC_C_LANGUAGE_STANDARD = gnu17;
				GCC_DYNAMIC_NO_PIC = NO;
				GCC_NO_COMMON_BLOCKS = YES;
				GCC_OPTIMIZATION_LEVEL = 0;
				GCC_PREPROCESSOR_DEFINITIONS = (
					"DEBUG=1",
					"$(inherited)",
				);
				GCC_WARN_64_TO_32_BIT_CONVERSION = YES;
				GCC_WARN_ABOUT_RETURN_TYPE = YES_ERROR;
				GCC_WARN_UNDECLARED_SELECTOR = YES;
				GCC_WARN_UNINITIALIZED_AUTOS = YES_AGGRESSIVE;
				GCC_WARN_UNUSED_FUNCTION = YES;
				GCC_WARN_UNUSED_VARIABLE = YES;
				LOCALIZATION_PREFERS_STRING_CATALOGS = YES;
				MTL_ENABLE_DEBUG_INFO = INCLUDE_SOURCE;
				MTL_FAST_MATH = YES;
				ONLY_ACTIVE_ARCH = YES;
				SWIFT_ACTIVE_COMPILATION_CONDITIONS = "DEBUG $(inherited)";
				SWIFT_OPTIMIZATION_LEVEL = "-Onone";
			};
			name = Debug;
		};
		25EA5EE52C17AA5A00D3649B /* Release */ = {
			isa = XCBuildConfiguration;
			buildSettings = {
				ALWAYS_SEARCH_USER_PATHS = NO;
				ASSETCATALOG_COMPILER_GENERATE_SWIFT_ASSET_SYMBOL_EXTENSIONS = YES;
				CLANG_ANALYZER_NONNULL = YES;
				CLANG_ANALYZER_NUMBER_OBJECT_CONVERSION = YES_AGGRESSIVE;
				CLANG_CXX_LANGUAGE_STANDARD = "gnu++20";
				CLANG_ENABLE_MODULES = YES;
				CLANG_ENABLE_OBJC_ARC = YES;
				CLANG_ENABLE_OBJC_WEAK = YES;
				CLANG_WARN_BLOCK_CAPTURE_AUTORELEASING = YES;
				CLANG_WARN_BOOL_CONVERSION = YES;
				CLANG_WARN_COMMA = YES;
				CLANG_WARN_CONSTANT_CONVERSION = YES;
				CLANG_WARN_DEPRECATED_OBJC_IMPLEMENTATIONS = YES;
				CLANG_WARN_DIRECT_OBJC_ISA_USAGE = YES_ERROR;
				CLANG_WARN_DOCUMENTATION_COMMENTS = YES;
				CLANG_WARN_EMPTY_BODY = YES;
				CLANG_WARN_ENUM_CONVERSION = YES;
				CLANG_WARN_INFINITE_RECURSION = YES;
				CLANG_WARN_INT_CONVERSION = YES;
				CLANG_WARN_NON_LITERAL_NULL_CONVERSION = YES;
				CLANG_WARN_OBJC_IMPLICIT_RETAIN_SELF = YES;
				CLANG_WARN_OBJC_LITERAL_CONVERSION = YES;
				CLANG_WARN_OBJC_ROOT_CLASS = YES_ERROR;
				CLANG_WARN_QUOTED_INCLUDE_IN_FRAMEWORK_HEADER = YES;
				CLANG_WARN_RANGE_LOOP_ANALYSIS = YES;
				CLANG_WARN_STRICT_PROTOTYPES = YES;
				CLANG_WARN_SUSPICIOUS_MOVE = YES;
				CLANG_WARN_UNGUARDED_AVAILABILITY = YES_AGGRESSIVE;
				CLANG_WARN_UNREACHABLE_CODE = YES;
				CLANG_WARN__DUPLICATE_METHOD_MATCH = YES;
				COPY_PHASE_STRIP = NO;
				DEBUG_INFORMATION_FORMAT = "dwarf-with-dsym";
				ENABLE_NS_ASSERTIONS = NO;
				ENABLE_STRICT_OBJC_MSGSEND = YES;
				ENABLE_USER_SCRIPT_SANDBOXING = YES;
				GCC_C_LANGUAGE_STANDARD = gnu17;
				GCC_NO_COMMON_BLOCKS = YES;
				GCC_WARN_64_TO_32_BIT_CONVERSION = YES;
				GCC_WARN_ABOUT_RETURN_TYPE = YES_ERROR;
				GCC_WARN_UNDECLARED_SELECTOR = YES;
				GCC_WARN_UNINITIALIZED_AUTOS = YES_AGGRESSIVE;
				GCC_WARN_UNUSED_FUNCTION = YES;
				GCC_WARN_UNUSED_VARIABLE = YES;
				LOCALIZATION_PREFERS_STRING_CATALOGS = YES;
				MTL_ENABLE_DEBUG_INFO = NO;
				MTL_FAST_MATH = YES;
				SWIFT_COMPILATION_MODE = wholemodule;
			};
			name = Release;
		};
		25EA5EE72C17AA5A00D3649B /* Debug */ = {
			isa = XCBuildConfiguration;
			buildSettings = {
				ASSETCATALOG_COMPILER_APPICON_NAME = AppIcon;
				ASSETCATALOG_COMPILER_GLOBAL_ACCENT_COLOR_NAME = AccentColor;
				CODE_SIGN_ENTITLEMENTS = WWD24/WWD24.entitlements;
				CODE_SIGN_STYLE = Automatic;
				CURRENT_PROJECT_VERSION = 1;
				DEVELOPMENT_ASSET_PATHS = "\"WWD24/Preview Content\"";
				DEVELOPMENT_TEAM = 3Z68NFJBHS;
				ENABLE_HARDENED_RUNTIME = YES;
				ENABLE_PREVIEWS = YES;
				GENERATE_INFOPLIST_FILE = YES;
				"INFOPLIST_KEY_UIApplicationSceneManifest_Generation[sdk=iphoneos*]" = YES;
				"INFOPLIST_KEY_UIApplicationSceneManifest_Generation[sdk=iphonesimulator*]" = YES;
				"INFOPLIST_KEY_UIApplicationSupportsIndirectInputEvents[sdk=iphoneos*]" = YES;
				"INFOPLIST_KEY_UIApplicationSupportsIndirectInputEvents[sdk=iphonesimulator*]" = YES;
				"INFOPLIST_KEY_UILaunchScreen_Generation[sdk=iphoneos*]" = YES;
				"INFOPLIST_KEY_UILaunchScreen_Generation[sdk=iphonesimulator*]" = YES;
				"INFOPLIST_KEY_UIStatusBarStyle[sdk=iphoneos*]" = UIStatusBarStyleDefault;
				"INFOPLIST_KEY_UIStatusBarStyle[sdk=iphonesimulator*]" = UIStatusBarStyleDefault;
				INFOPLIST_KEY_UISupportedInterfaceOrientations_iPad = "UIInterfaceOrientationPortrait UIInterfaceOrientationPortraitUpsideDown UIInterfaceOrientationLandscapeLeft UIInterfaceOrientationLandscapeRight";
				INFOPLIST_KEY_UISupportedInterfaceOrientations_iPhone = "UIInterfaceOrientationPortrait UIInterfaceOrientationLandscapeLeft UIInterfaceOrientationLandscapeRight";
				IPHONEOS_DEPLOYMENT_TARGET = 18.0;
				LD_RUNPATH_SEARCH_PATHS = "@executable_path/Frameworks";
				"LD_RUNPATH_SEARCH_PATHS[sdk=macosx*]" = "@executable_path/../Frameworks";
				MACOSX_DEPLOYMENT_TARGET = 14.0;
				MARKETING_VERSION = 1.0;
				PRODUCT_BUNDLE_IDENTIFIER = us.atlasapps.WWD24;
				PRODUCT_NAME = "$(TARGET_NAME)";
				SDKROOT = auto;
				SUPPORTED_PLATFORMS = "iphoneos iphonesimulator macosx xros xrsimulator";
				SWIFT_EMIT_LOC_STRINGS = YES;
				SWIFT_VERSION = 5.0;
				TARGETED_DEVICE_FAMILY = "1,2,7";
				XROS_DEPLOYMENT_TARGET = 2.0;
				_EXPERIMENTAL_SWIFT_EXPLICIT_MODULES = YES;
			};
			name = Debug;
		};
		25EA5EE82C17AA5A00D3649B /* Release */ = {
			isa = XCBuildConfiguration;
			buildSettings = {
				ASSETCATALOG_COMPILER_APPICON_NAME = AppIcon;
				ASSETCATALOG_COMPILER_GLOBAL_ACCENT_COLOR_NAME = AccentColor;
				CODE_SIGN_ENTITLEMENTS = WWD24/WWD24.entitlements;
				CODE_SIGN_STYLE = Automatic;
				CURRENT_PROJECT_VERSION = 1;
				DEVELOPMENT_ASSET_PATHS = "\"WWD24/Preview Content\"";
				DEVELOPMENT_TEAM = 3Z68NFJBHS;
				ENABLE_HARDENED_RUNTIME = YES;
				ENABLE_PREVIEWS = YES;
				GENERATE_INFOPLIST_FILE = YES;
				"INFOPLIST_KEY_UIApplicationSceneManifest_Generation[sdk=iphoneos*]" = YES;
				"INFOPLIST_KEY_UIApplicationSceneManifest_Generation[sdk=iphonesimulator*]" = YES;
				"INFOPLIST_KEY_UIApplicationSupportsIndirectInputEvents[sdk=iphoneos*]" = YES;
				"INFOPLIST_KEY_UIApplicationSupportsIndirectInputEvents[sdk=iphonesimulator*]" = YES;
				"INFOPLIST_KEY_UILaunchScreen_Generation[sdk=iphoneos*]" = YES;
				"INFOPLIST_KEY_UILaunchScreen_Generation[sdk=iphonesimulator*]" = YES;
				"INFOPLIST_KEY_UIStatusBarStyle[sdk=iphoneos*]" = UIStatusBarStyleDefault;
				"INFOPLIST_KEY_UIStatusBarStyle[sdk=iphonesimulator*]" = UIStatusBarStyleDefault;
				INFOPLIST_KEY_UISupportedInterfaceOrientations_iPad = "UIInterfaceOrientationPortrait UIInterfaceOrientationPortraitUpsideDown UIInterfaceOrientationLandscapeLeft UIInterfaceOrientationLandscapeRight";
				INFOPLIST_KEY_UISupportedInterfaceOrientations_iPhone = "UIInterfaceOrientationPortrait UIInterfaceOrientationLandscapeLeft UIInterfaceOrientationLandscapeRight";
				IPHONEOS_DEPLOYMENT_TARGET = 18.0;
				LD_RUNPATH_SEARCH_PATHS = "@executable_path/Frameworks";
				"LD_RUNPATH_SEARCH_PATHS[sdk=macosx*]" = "@executable_path/../Frameworks";
				MACOSX_DEPLOYMENT_TARGET = 14.0;
				MARKETING_VERSION = 1.0;
				PRODUCT_BUNDLE_IDENTIFIER = us.atlasapps.WWD24;
				PRODUCT_NAME = "$(TARGET_NAME)";
				SDKROOT = auto;
				SUPPORTED_PLATFORMS = "iphoneos iphonesimulator macosx xros xrsimulator";
				SWIFT_EMIT_LOC_STRINGS = YES;
				SWIFT_VERSION = 5.0;
				TARGETED_DEVICE_FAMILY = "1,2,7";
				XROS_DEPLOYMENT_TARGET = 2.0;
				_EXPERIMENTAL_SWIFT_EXPLICIT_MODULES = YES;
			};
			name = Release;
		};
		25EA5EEA2C17AA5A00D3649B /* Debug */ = {
			isa = XCBuildConfiguration;
			buildSettings = {
				BUNDLE_LOADER = "$(TEST_HOST)";
				CODE_SIGN_STYLE = Automatic;
				CURRENT_PROJECT_VERSION = 1;
				DEVELOPMENT_TEAM = 3Z68NFJBHS;
				GENERATE_INFOPLIST_FILE = YES;
				IPHONEOS_DEPLOYMENT_TARGET = 18.0;
				MACOSX_DEPLOYMENT_TARGET = 15.0;
				MARKETING_VERSION = 1.0;
				PRODUCT_BUNDLE_IDENTIFIER = us.atlasapps.WWD24Tests;
				PRODUCT_NAME = "$(TARGET_NAME)";
				SDKROOT = auto;
				SUPPORTED_PLATFORMS = "iphoneos iphonesimulator macosx xros xrsimulator";
				SWIFT_EMIT_LOC_STRINGS = NO;
				SWIFT_VERSION = 5.0;
				TARGETED_DEVICE_FAMILY = "1,2,7";
				TEST_HOST = "$(BUILT_PRODUCTS_DIR)/WWD24.app/$(BUNDLE_EXECUTABLE_FOLDER_PATH)/WWD24";
				XROS_DEPLOYMENT_TARGET = 2.0;
			};
			name = Debug;
		};
		25EA5EEB2C17AA5A00D3649B /* Release */ = {
			isa = XCBuildConfiguration;
			buildSettings = {
				BUNDLE_LOADER = "$(TEST_HOST)";
				CODE_SIGN_STYLE = Automatic;
				CURRENT_PROJECT_VERSION = 1;
				DEVELOPMENT_TEAM = 3Z68NFJBHS;
				GENERATE_INFOPLIST_FILE = YES;
				IPHONEOS_DEPLOYMENT_TARGET = 18.0;
				MACOSX_DEPLOYMENT_TARGET = 15.0;
				MARKETING_VERSION = 1.0;
				PRODUCT_BUNDLE_IDENTIFIER = us.atlasapps.WWD24Tests;
				PRODUCT_NAME = "$(TARGET_NAME)";
				SDKROOT = auto;
				SUPPORTED_PLATFORMS = "iphoneos iphonesimulator macosx xros xrsimulator";
				SWIFT_EMIT_LOC_STRINGS = NO;
				SWIFT_VERSION = 5.0;
				TARGETED_DEVICE_FAMILY = "1,2,7";
				TEST_HOST = "$(BUILT_PRODUCTS_DIR)/WWD24.app/$(BUNDLE_EXECUTABLE_FOLDER_PATH)/WWD24";
				XROS_DEPLOYMENT_TARGET = 2.0;
			};
			name = Release;
		};
		25EA5EED2C17AA5A00D3649B /* Debug */ = {
			isa = XCBuildConfiguration;
			buildSettings = {
				CODE_SIGN_STYLE = Automatic;
				CURRENT_PROJECT_VERSION = 1;
				DEVELOPMENT_TEAM = 3Z68NFJBHS;
				GENERATE_INFOPLIST_FILE = YES;
				IPHONEOS_DEPLOYMENT_TARGET = 18.0;
				MACOSX_DEPLOYMENT_TARGET = 15.0;
				MARKETING_VERSION = 1.0;
				PRODUCT_BUNDLE_IDENTIFIER = us.atlasapps.WWD24UITests;
				PRODUCT_NAME = "$(TARGET_NAME)";
				SDKROOT = auto;
				SUPPORTED_PLATFORMS = "iphoneos iphonesimulator macosx xros xrsimulator";
				SWIFT_EMIT_LOC_STRINGS = NO;
				SWIFT_VERSION = 5.0;
				TARGETED_DEVICE_FAMILY = "1,2,7";
				TEST_TARGET_NAME = WWD24;
				XROS_DEPLOYMENT_TARGET = 2.0;
			};
			name = Debug;
		};
		25EA5EEE2C17AA5A00D3649B /* Release */ = {
			isa = XCBuildConfiguration;
			buildSettings = {
				CODE_SIGN_STYLE = Automatic;
				CURRENT_PROJECT_VERSION = 1;
				DEVELOPMENT_TEAM = 3Z68NFJBHS;
				GENERATE_INFOPLIST_FILE = YES;
				IPHONEOS_DEPLOYMENT_TARGET = 18.0;
				MACOSX_DEPLOYMENT_TARGET = 15.0;
				MARKETING_VERSION = 1.0;
				PRODUCT_BUNDLE_IDENTIFIER = us.atlasapps.WWD24UITests;
				PRODUCT_NAME = "$(TARGET_NAME)";
				SDKROOT = auto;
				SUPPORTED_PLATFORMS = "iphoneos iphonesimulator macosx xros xrsimulator";
				SWIFT_EMIT_LOC_STRINGS = NO;
				SWIFT_VERSION = 5.0;
				TARGETED_DEVICE_FAMILY = "1,2,7";
				TEST_TARGET_NAME = WWD24;
				XROS_DEPLOYMENT_TARGET = 2.0;
			};
			name = Release;
		};
/* End XCBuildConfiguration section */

/* Begin XCConfigurationList section */
		25EA5EBA2C17AA5900D3649B /* Build configuration list for PBXProject "WWD24" */ = {
			isa = XCConfigurationList;
			buildConfigurations = (
				25EA5EE42C17AA5A00D3649B /* Debug */,
				25EA5EE52C17AA5A00D3649B /* Release */,
			);
			defaultConfigurationIsVisible = 0;
			defaultConfigurationName = Release;
		};
		25EA5EE62C17AA5A00D3649B /* Build configuration list for PBXNativeTarget "WWD24" */ = {
			isa = XCConfigurationList;
			buildConfigurations = (
				25EA5EE72C17AA5A00D3649B /* Debug */,
				25EA5EE82C17AA5A00D3649B /* Release */,
			);
			defaultConfigurationIsVisible = 0;
			defaultConfigurationName = Release;
		};
		25EA5EE92C17AA5A00D3649B /* Build configuration list for PBXNativeTarget "WWD24Tests" */ = {
			isa = XCConfigurationList;
			buildConfigurations = (
				25EA5EEA2C17AA5A00D3649B /* Debug */,
				25EA5EEB2C17AA5A00D3649B /* Release */,
			);
			defaultConfigurationIsVisible = 0;
			defaultConfigurationName = Release;
		};
		25EA5EEC2C17AA5A00D3649B /* Build configuration list for PBXNativeTarget "WWD24UITests" */ = {
			isa = XCConfigurationList;
			buildConfigurations = (
				25EA5EED2C17AA5A00D3649B /* Debug */,
				25EA5EEE2C17AA5A00D3649B /* Release */,
			);
			defaultConfigurationIsVisible = 0;
			defaultConfigurationName = Release;
		};
/* End XCConfigurationList section */

/* Begin XCSwiftPackageProductDependency section */
		25DB63712C17B9BD0006EEAA /* Graphs */ = {
			isa = XCSwiftPackageProductDependency;
			productName = Graphs;
		};
/* End XCSwiftPackageProductDependency section */
	};
	rootObject = 25EA5EB72C17AA5900D3649B /* Project object */;
}
